
Microsoft Visual Studio Solution File, Format Version 12.00
# Visual Studio 15
VisualStudioVersion = 15.0.26403.0
MinimumVisualStudioVersion = 10.0.40219.1
Project("{FAE04EC0-301F-11D3-BF4B-00C04F79EFBC}") = "BrotherBetsWeb", "BrotherBetsWeb\BrotherBetsWeb.csproj", "{4C50D532-B435-4175-8208-FB33E4DB5ADF}"
EndProject
Project("{FAE04EC0-301F-11D3-BF4B-00C04F79EFBC}") = "BrotherBetsLibrary", "BrotherBetsLibrary\BrotherBetsLibrary.csproj", "{30FF54C6-5547-4C18-B0FB-C8F6F282E290}"
EndProject
Global
	GlobalSection(SolutionConfigurationPlatforms) = preSolution
		Debug|Any CPU = Debug|Any CPU
		Release|Any CPU = Release|Any CPU
	EndGlobalSection
	GlobalSection(ProjectConfigurationPlatforms) = postSolution
		{4C50D532-B435-4175-8208-FB33E4DB5ADF}.Debug|Any CPU.ActiveCfg = Debug|Any CPU
		{4C50D532-B435-4175-8208-FB33E4DB5ADF}.Debug|Any CPU.Build.0 = Debug|Any CPU
		{4C50D532-B435-4175-8208-FB33E4DB5ADF}.Release|Any CPU.ActiveCfg = Release|Any CPU
		{4C50D532-B435-4175-8208-FB33E4DB5ADF}.Release|Any CPU.Build.0 = Release|Any CPU
		{30FF54C6-5547-4C18-B0FB-C8F6F282E290}.Debug|Any CPU.ActiveCfg = Debug|Any CPU
		{30FF54C6-5547-4C18-B0FB-C8F6F282E290}.Debug|Any CPU.Build.0 = Debug|Any CPU
		{30FF54C6-5547-4C18-B0FB-C8F6F282E290}.Release|Any CPU.ActiveCfg = Release|Any CPU
		{30FF54C6-5547-4C18-B0FB-C8F6F282E290}.Release|Any CPU.Build.0 = Release|Any CPU
	EndGlobalSection
	GlobalSection(SolutionProperties) = preSolution
		HideSolutionNode = FALSE
	EndGlobalSection
EndGlobal
